// !$*UTF8*$!
{
	archiveVersion = 1;
	classes = {
	};
	objectVersion = 56;
	objects = {

/* Begin PBXBuildFile section */
		1B5590E8294FED120027AA34 /* IssueTrackerApp.swift in Sources */ = {isa = PBXBuildFile; fileRef = 1B5590E7294FED120027AA34 /* IssueTrackerApp.swift */; };
		1B5590EA294FED120027AA34 /* Persistence.swift in Sources */ = {isa = PBXBuildFile; fileRef = 1B5590E9294FED120027AA34 /* Persistence.swift */; };
		1B5590ED294FED120027AA34 /* IssueTracker.xcdatamodeld in Sources */ = {isa = PBXBuildFile; fileRef = 1B5590EB294FED120027AA34 /* IssueTracker.xcdatamodeld */; };
		1B5590EF294FED120027AA34 /* ContentView.swift in Sources */ = {isa = PBXBuildFile; fileRef = 1B5590EE294FED120027AA34 /* ContentView.swift */; };
		1B5590F1294FED140027AA34 /* Assets.xcassets in Resources */ = {isa = PBXBuildFile; fileRef = 1B5590F0294FED140027AA34 /* Assets.xcassets */; };
		1B5590F5294FED140027AA34 /* Preview Assets.xcassets in Resources */ = {isa = PBXBuildFile; fileRef = 1B5590F4294FED140027AA34 /* Preview Assets.xcassets */; };
		1B559118294FEE7D0027AA34 /* README.md in Resources */ = {isa = PBXBuildFile; fileRef = 1B559117294FEE7D0027AA34 /* README.md */; };
		1B559122294FFD580027AA34 /* LoginView.swift in Sources */ = {isa = PBXBuildFile; fileRef = 1B559121294FFD580027AA34 /* LoginView.swift */; };
		1B559126294FFE610027AA34 /* CommonTextField.swift in Sources */ = {isa = PBXBuildFile; fileRef = 1B559125294FFE610027AA34 /* CommonTextField.swift */; };
		1B55912B29500C090027AA34 /* Localizable.strings in Resources */ = {isa = PBXBuildFile; fileRef = 1B55912E29500C090027AA34 /* Localizable.strings */; };
		1B55912C29500C090027AA34 /* Localizable.strings in Resources */ = {isa = PBXBuildFile; fileRef = 1B55912E29500C090027AA34 /* Localizable.strings */; };
		1B55913429500D7B0027AA34 /* I18N.swift in Sources */ = {isa = PBXBuildFile; fileRef = 1B55913329500D7B0027AA34 /* I18N.swift */; };
		1B55913629500D950027AA34 /* Localizable+Extensions.swift in Sources */ = {isa = PBXBuildFile; fileRef = 1B55913529500D950027AA34 /* Localizable+Extensions.swift */; };
		1B559138295012360027AA34 /* SystemImages.swift in Sources */ = {isa = PBXBuildFile; fileRef = 1B559137295012360027AA34 /* SystemImages.swift */; };
		1B55913B295015F50027AA34 /* View+Constrants.swift in Sources */ = {isa = PBXBuildFile; fileRef = 1B55913A295015F50027AA34 /* View+Constrants.swift */; };
		1B55913E295016A60027AA34 /* CommonButton.swift in Sources */ = {isa = PBXBuildFile; fileRef = 1B55913D295016A60027AA34 /* CommonButton.swift */; };
		1B5E82D7295B4AD90086DBF0 /* LoginViewModel.swift in Sources */ = {isa = PBXBuildFile; fileRef = 1B5E82D6295B4AD90086DBF0 /* LoginViewModel.swift */; };
		1B5E82DA295BE1B90086DBF0 /* String+Extensions.swift in Sources */ = {isa = PBXBuildFile; fileRef = 1B5E82D9295BE1B90086DBF0 /* String+Extensions.swift */; };
		1B8386642953458700937BBB /* SignInView.swift in Sources */ = {isa = PBXBuildFile; fileRef = 1B8386632953458700937BBB /* SignInView.swift */; };
		1B9268122959D18100BF2A2A /* HTTPResponseModel.swift in Sources */ = {isa = PBXBuildFile; fileRef = 1B9268112959D18100BF2A2A /* HTTPResponseModel.swift */; };
		1B9268132959D18D00BF2A2A /* HTTPResponseModel.swift in Sources */ = {isa = PBXBuildFile; fileRef = 1B9268112959D18100BF2A2A /* HTTPResponseModel.swift */; };
		1B926815295A605900BF2A2A /* SignInValidationModel.swift in Sources */ = {isa = PBXBuildFile; fileRef = 1B926814295A605900BF2A2A /* SignInValidationModel.swift */; };
		1BCB9BC6295940BE0063B21A /* HTTPRequestModel.swift in Sources */ = {isa = PBXBuildFile; fileRef = 1BCB9BC5295940BE0063B21A /* HTTPRequestModel.swift */; };
		1BCB9BC8295940F70063B21A /* URLRequestBuilder.swift in Sources */ = {isa = PBXBuildFile; fileRef = 1BCB9BC7295940F70063B21A /* URLRequestBuilder.swift */; };
		1BCB9BC929594B970063B21A /* HTTPRequestModel.swift in Sources */ = {isa = PBXBuildFile; fileRef = 1BCB9BC5295940BE0063B21A /* HTTPRequestModel.swift */; };
		1BCB9BCA29594B970063B21A /* URLRequestBuilder.swift in Sources */ = {isa = PBXBuildFile; fileRef = 1BCB9BC7295940F70063B21A /* URLRequestBuilder.swift */; };
		1BCB9BCC295950750063B21A /* URL+Extensions.swift in Sources */ = {isa = PBXBuildFile; fileRef = 1BCB9BCB295950750063B21A /* URL+Extensions.swift */; };
		1BCB9BCE295950B20063B21A /* RELEASE.xcconfig in Resources */ = {isa = PBXBuildFile; fileRef = 1BCB9BCD295950B20063B21A /* RELEASE.xcconfig */; };
		1BCB9BCF295950B20063B21A /* RELEASE.xcconfig in Resources */ = {isa = PBXBuildFile; fileRef = 1BCB9BCD295950B20063B21A /* RELEASE.xcconfig */; };
		1BCB9BD1295951530063B21A /* HTTPConnection.swift in Sources */ = {isa = PBXBuildFile; fileRef = 1BCB9BD0295951530063B21A /* HTTPConnection.swift */; };
		1BCB9BD22959528B0063B21A /* URL+Extensions.swift in Sources */ = {isa = PBXBuildFile; fileRef = 1BCB9BCB295950750063B21A /* URL+Extensions.swift */; };
		1BCB9BD3295959650063B21A /* RELEASE.xcconfig in Resources */ = {isa = PBXBuildFile; fileRef = 1BCB9BCD295950B20063B21A /* RELEASE.xcconfig */; };
		1BCB9BD52959599B0063B21A /* AppState.swift in Sources */ = {isa = PBXBuildFile; fileRef = 1BF763712951B17F00A1CD8C /* AppState.swift */; };
		1BCB9BD6295959AA0063B21A /* UserState.swift in Sources */ = {isa = PBXBuildFile; fileRef = 1BF7636F2951B16C00A1CD8C /* UserState.swift */; };
		1BCB9BD829595B5C0063B21A /* InitialUITest.swift in Sources */ = {isa = PBXBuildFile; fileRef = 1BCB9BD729595B5C0063B21A /* InitialUITest.swift */; };
		1BCB9BDA2959701A0063B21A /* SignInViewModel.swift in Sources */ = {isa = PBXBuildFile; fileRef = 1BCB9BD92959701A0063B21A /* SignInViewModel.swift */; };
		1BD03B3D295C36F600533A4D /* LoginRequestModel.swift in Sources */ = {isa = PBXBuildFile; fileRef = 1BD03B3C295C36F600533A4D /* LoginRequestModel.swift */; };
		1BD03B3F295C3A2900533A4D /* ErrorCodes.swift in Sources */ = {isa = PBXBuildFile; fileRef = 1BD03B3E295C3A2900533A4D /* ErrorCodes.swift */; };
		1BD03B41295D490B00533A4D /* LoginResponse.swift in Sources */ = {isa = PBXBuildFile; fileRef = 1BD03B40295D490B00533A4D /* LoginResponse.swift */; };
		1BD03B43295D558400533A4D /* UnitTest_LoginRequestModel.swift in Sources */ = {isa = PBXBuildFile; fileRef = 1BD03B42295D558400533A4D /* UnitTest_LoginRequestModel.swift */; };
		1BD03B44295D624D00533A4D /* LoginViewModel.swift in Sources */ = {isa = PBXBuildFile; fileRef = 1B5E82D6295B4AD90086DBF0 /* LoginViewModel.swift */; };
		1BD03B45295D625000533A4D /* LoginRequestModel.swift in Sources */ = {isa = PBXBuildFile; fileRef = 1BD03B3C295C36F600533A4D /* LoginRequestModel.swift */; };
		1BD03B46295D625900533A4D /* LoginResponse.swift in Sources */ = {isa = PBXBuildFile; fileRef = 1BD03B40295D490B00533A4D /* LoginResponse.swift */; };
		1BF763702951B16C00A1CD8C /* UserState.swift in Sources */ = {isa = PBXBuildFile; fileRef = 1BF7636F2951B16C00A1CD8C /* UserState.swift */; };
		1BF763722951B17F00A1CD8C /* AppState.swift in Sources */ = {isa = PBXBuildFile; fileRef = 1BF763712951B17F00A1CD8C /* AppState.swift */; };
		1BF763742951B3D300A1CD8C /* UserStateModel.swift in Sources */ = {isa = PBXBuildFile; fileRef = 1BF763732951B3D300A1CD8C /* UserStateModel.swift */; };
		1BF763752951B3D300A1CD8C /* UserStateModel.swift in Sources */ = {isa = PBXBuildFile; fileRef = 1BF763732951B3D300A1CD8C /* UserStateModel.swift */; };
		1BF763772951B3DF00A1CD8C /* AppStateModel.swift in Sources */ = {isa = PBXBuildFile; fileRef = 1BF763762951B3DF00A1CD8C /* AppStateModel.swift */; };
		1BF763782951B3DF00A1CD8C /* AppStateModel.swift in Sources */ = {isa = PBXBuildFile; fileRef = 1BF763762951B3DF00A1CD8C /* AppStateModel.swift */; };
		1BF7637A2951C4F100A1CD8C /* MainView.swift in Sources */ = {isa = PBXBuildFile; fileRef = 1BF763792951C4F100A1CD8C /* MainView.swift */; };
		1BF7637D2951CC6100A1CD8C /* HomeView.swift in Sources */ = {isa = PBXBuildFile; fileRef = 1BF7637C2951CC6100A1CD8C /* HomeView.swift */; };
/* End PBXBuildFile section */

/* Begin PBXContainerItemProxy section */
		1B5590FB294FED140027AA34 /* PBXContainerItemProxy */ = {
			isa = PBXContainerItemProxy;
			containerPortal = 1B5590DC294FED120027AA34 /* Project object */;
			proxyType = 1;
			remoteGlobalIDString = 1B5590E3294FED120027AA34;
			remoteInfo = IssueTracker;
		};
		1B559105294FED140027AA34 /* PBXContainerItemProxy */ = {
			isa = PBXContainerItemProxy;
			containerPortal = 1B5590DC294FED120027AA34 /* Project object */;
			proxyType = 1;
			remoteGlobalIDString = 1B5590E3294FED120027AA34;
			remoteInfo = IssueTracker;
		};
/* End PBXContainerItemProxy section */

/* Begin PBXFileReference section */
		1B5590E4294FED120027AA34 /* IssueTracker.app */ = {isa = PBXFileReference; explicitFileType = wrapper.application; includeInIndex = 0; path = IssueTracker.app; sourceTree = BUILT_PRODUCTS_DIR; };
		1B5590E7294FED120027AA34 /* IssueTrackerApp.swift */ = {isa = PBXFileReference; lastKnownFileType = sourcecode.swift; path = IssueTrackerApp.swift; sourceTree = "<group>"; };
		1B5590E9294FED120027AA34 /* Persistence.swift */ = {isa = PBXFileReference; lastKnownFileType = sourcecode.swift; path = Persistence.swift; sourceTree = "<group>"; };
		1B5590EC294FED120027AA34 /* IssueTracker.xcdatamodel */ = {isa = PBXFileReference; lastKnownFileType = wrapper.xcdatamodel; path = IssueTracker.xcdatamodel; sourceTree = "<group>"; };
		1B5590EE294FED120027AA34 /* ContentView.swift */ = {isa = PBXFileReference; lastKnownFileType = sourcecode.swift; path = ContentView.swift; sourceTree = "<group>"; };
		1B5590F0294FED140027AA34 /* Assets.xcassets */ = {isa = PBXFileReference; lastKnownFileType = folder.assetcatalog; path = Assets.xcassets; sourceTree = "<group>"; };
		1B5590F2294FED140027AA34 /* IssueTracker.entitlements */ = {isa = PBXFileReference; lastKnownFileType = text.plist.entitlements; path = IssueTracker.entitlements; sourceTree = "<group>"; };
		1B5590F4294FED140027AA34 /* Preview Assets.xcassets */ = {isa = PBXFileReference; lastKnownFileType = folder.assetcatalog; path = "Preview Assets.xcassets"; sourceTree = "<group>"; };
		1B5590FA294FED140027AA34 /* IssueTrackerTests.xctest */ = {isa = PBXFileReference; explicitFileType = wrapper.cfbundle; includeInIndex = 0; path = IssueTrackerTests.xctest; sourceTree = BUILT_PRODUCTS_DIR; };
		1B559104294FED140027AA34 /* IssueTrackerUITests.xctest */ = {isa = PBXFileReference; explicitFileType = wrapper.cfbundle; includeInIndex = 0; path = IssueTrackerUITests.xctest; sourceTree = BUILT_PRODUCTS_DIR; };
		1B559117294FEE7D0027AA34 /* README.md */ = {isa = PBXFileReference; fileEncoding = 4; lastKnownFileType = net.daringfireball.markdown; name = README.md; path = ../README.md; sourceTree = "<group>"; };
		1B559119294FF2FB0027AA34 /* Info.plist */ = {isa = PBXFileReference; lastKnownFileType = text.plist; path = Info.plist; sourceTree = "<group>"; };
		1B559120294FFD580027AA34 /* IssueTrackerUITests-Bridging-Header.h */ = {isa = PBXFileReference; lastKnownFileType = sourcecode.c.h; path = "IssueTrackerUITests-Bridging-Header.h"; sourceTree = "<group>"; };
		1B559121294FFD580027AA34 /* LoginView.swift */ = {isa = PBXFileReference; lastKnownFileType = sourcecode.swift; path = LoginView.swift; sourceTree = "<group>"; };
		1B559125294FFE610027AA34 /* CommonTextField.swift */ = {isa = PBXFileReference; lastKnownFileType = sourcecode.swift; path = CommonTextField.swift; sourceTree = "<group>"; };
		1B55912D29500C090027AA34 /* en */ = {isa = PBXFileReference; lastKnownFileType = text.plist.strings; name = en; path = en.lproj/Localizable.strings; sourceTree = "<group>"; };
		1B55912F29500C0C0027AA34 /* ja */ = {isa = PBXFileReference; lastKnownFileType = text.plist.strings; name = ja; path = ja.lproj/Localizable.strings; sourceTree = "<group>"; };
		1B55913029500C0D0027AA34 /* ko */ = {isa = PBXFileReference; lastKnownFileType = text.plist.strings; name = ko; path = ko.lproj/Localizable.strings; sourceTree = "<group>"; };
		1B55913329500D7B0027AA34 /* I18N.swift */ = {isa = PBXFileReference; fileEncoding = 4; lastKnownFileType = sourcecode.swift; path = I18N.swift; sourceTree = "<group>"; };
		1B55913529500D950027AA34 /* Localizable+Extensions.swift */ = {isa = PBXFileReference; lastKnownFileType = sourcecode.swift; path = "Localizable+Extensions.swift"; sourceTree = "<group>"; };
		1B559137295012360027AA34 /* SystemImages.swift */ = {isa = PBXFileReference; lastKnownFileType = sourcecode.swift; path = SystemImages.swift; sourceTree = "<group>"; };
		1B55913A295015F50027AA34 /* View+Constrants.swift */ = {isa = PBXFileReference; lastKnownFileType = sourcecode.swift; path = "View+Constrants.swift"; sourceTree = "<group>"; };
		1B55913D295016A60027AA34 /* CommonButton.swift */ = {isa = PBXFileReference; lastKnownFileType = sourcecode.swift; path = CommonButton.swift; sourceTree = "<group>"; };
		1B5E82D6295B4AD90086DBF0 /* LoginViewModel.swift */ = {isa = PBXFileReference; lastKnownFileType = sourcecode.swift; path = LoginViewModel.swift; sourceTree = "<group>"; };
		1B5E82D9295BE1B90086DBF0 /* String+Extensions.swift */ = {isa = PBXFileReference; lastKnownFileType = sourcecode.swift; path = "String+Extensions.swift"; sourceTree = "<group>"; };
		1B8386632953458700937BBB /* SignInView.swift */ = {isa = PBXFileReference; lastKnownFileType = sourcecode.swift; path = SignInView.swift; sourceTree = "<group>"; };
		1B9268112959D18100BF2A2A /* HTTPResponseModel.swift */ = {isa = PBXFileReference; lastKnownFileType = sourcecode.swift; path = HTTPResponseModel.swift; sourceTree = "<group>"; };
		1B926814295A605900BF2A2A /* SignInValidationModel.swift */ = {isa = PBXFileReference; lastKnownFileType = sourcecode.swift; path = SignInValidationModel.swift; sourceTree = "<group>"; };
		1BCB9BC5295940BE0063B21A /* HTTPRequestModel.swift */ = {isa = PBXFileReference; lastKnownFileType = sourcecode.swift; path = HTTPRequestModel.swift; sourceTree = "<group>"; };
		1BCB9BC7295940F70063B21A /* URLRequestBuilder.swift */ = {isa = PBXFileReference; lastKnownFileType = sourcecode.swift; path = URLRequestBuilder.swift; sourceTree = "<group>"; };
		1BCB9BCB295950750063B21A /* URL+Extensions.swift */ = {isa = PBXFileReference; lastKnownFileType = sourcecode.swift; path = "URL+Extensions.swift"; sourceTree = "<group>"; };
		1BCB9BCD295950B20063B21A /* RELEASE.xcconfig */ = {isa = PBXFileReference; lastKnownFileType = text.xcconfig; path = RELEASE.xcconfig; sourceTree = "<group>"; };
		1BCB9BD0295951530063B21A /* HTTPConnection.swift */ = {isa = PBXFileReference; lastKnownFileType = sourcecode.swift; path = HTTPConnection.swift; sourceTree = "<group>"; };
		1BCB9BD729595B5C0063B21A /* InitialUITest.swift */ = {isa = PBXFileReference; lastKnownFileType = sourcecode.swift; path = InitialUITest.swift; sourceTree = "<group>"; };
		1BCB9BD92959701A0063B21A /* SignInViewModel.swift */ = {isa = PBXFileReference; lastKnownFileType = sourcecode.swift; path = SignInViewModel.swift; sourceTree = "<group>"; };
		1BD03B3C295C36F600533A4D /* LoginRequestModel.swift */ = {isa = PBXFileReference; lastKnownFileType = sourcecode.swift; path = LoginRequestModel.swift; sourceTree = "<group>"; };
		1BD03B3E295C3A2900533A4D /* ErrorCodes.swift */ = {isa = PBXFileReference; lastKnownFileType = sourcecode.swift; path = ErrorCodes.swift; sourceTree = "<group>"; };
		1BD03B40295D490B00533A4D /* LoginResponse.swift */ = {isa = PBXFileReference; lastKnownFileType = sourcecode.swift; path = LoginResponse.swift; sourceTree = "<group>"; };
		1BD03B42295D558400533A4D /* UnitTest_LoginRequestModel.swift */ = {isa = PBXFileReference; lastKnownFileType = sourcecode.swift; path = UnitTest_LoginRequestModel.swift; sourceTree = "<group>"; };
		1BF7636F2951B16C00A1CD8C /* UserState.swift */ = {isa = PBXFileReference; lastKnownFileType = sourcecode.swift; path = UserState.swift; sourceTree = "<group>"; };
		1BF763712951B17F00A1CD8C /* AppState.swift */ = {isa = PBXFileReference; lastKnownFileType = sourcecode.swift; path = AppState.swift; sourceTree = "<group>"; };
		1BF763732951B3D300A1CD8C /* UserStateModel.swift */ = {isa = PBXFileReference; lastKnownFileType = sourcecode.swift; path = UserStateModel.swift; sourceTree = "<group>"; };
		1BF763762951B3DF00A1CD8C /* AppStateModel.swift */ = {isa = PBXFileReference; lastKnownFileType = sourcecode.swift; path = AppStateModel.swift; sourceTree = "<group>"; };
		1BF763792951C4F100A1CD8C /* MainView.swift */ = {isa = PBXFileReference; lastKnownFileType = sourcecode.swift; path = MainView.swift; sourceTree = "<group>"; };
		1BF7637C2951CC6100A1CD8C /* HomeView.swift */ = {isa = PBXFileReference; lastKnownFileType = sourcecode.swift; path = HomeView.swift; sourceTree = "<group>"; };
/* End PBXFileReference section */

/* Begin PBXFrameworksBuildPhase section */
		1B5590E1294FED120027AA34 /* Frameworks */ = {
			isa = PBXFrameworksBuildPhase;
			buildActionMask = 2147483647;
			files = (
			);
			runOnlyForDeploymentPostprocessing = 0;
		};
		1B5590F7294FED140027AA34 /* Frameworks */ = {
			isa = PBXFrameworksBuildPhase;
			buildActionMask = 2147483647;
			files = (
			);
			runOnlyForDeploymentPostprocessing = 0;
		};
		1B559101294FED140027AA34 /* Frameworks */ = {
			isa = PBXFrameworksBuildPhase;
			buildActionMask = 2147483647;
			files = (
			);
			runOnlyForDeploymentPostprocessing = 0;
		};
/* End PBXFrameworksBuildPhase section */

/* Begin PBXGroup section */
		1B5590DB294FED120027AA34 = {
			isa = PBXGroup;
			children = (
				1B559117294FEE7D0027AA34 /* README.md */,
				1B5590E6294FED120027AA34 /* IssueTracker */,
				1B5590FD294FED140027AA34 /* IssueTrackerTests */,
				1B559107294FED140027AA34 /* IssueTrackerUITests */,
				1B5590E5294FED120027AA34 /* Products */,
			);
			sourceTree = "<group>";
		};
		1B5590E5294FED120027AA34 /* Products */ = {
			isa = PBXGroup;
			children = (
				1B5590E4294FED120027AA34 /* IssueTracker.app */,
				1B5590FA294FED140027AA34 /* IssueTrackerTests.xctest */,
				1B559104294FED140027AA34 /* IssueTrackerUITests.xctest */,
			);
			name = Products;
			sourceTree = "<group>";
		};
		1B5590E6294FED120027AA34 /* IssueTracker */ = {
			isa = PBXGroup;
			children = (
				1B5E82D8295BE19C0086DBF0 /* Foundation+Extensions */,
				1BF7636E2951B15E00A1CD8C /* Shared */,
				1B55913C2950163E0027AA34 /* View+Constants */,
				1B559139295015E20027AA34 /* View+Extensions */,
				1B559124294FFE450027AA34 /* CommonUIStyles */,
				1B55911A294FFCC50027AA34 /* Authentication */,
				1B55911B294FFCCD0027AA34 /* MainList */,
				1B55911E294FFCE40027AA34 /* MyPage */,
				1B55911F294FFCEF0027AA34 /* Settings */,
				1B559119294FF2FB0027AA34 /* Info.plist */,
				1B5590E7294FED120027AA34 /* IssueTrackerApp.swift */,
				1BF7637C2951CC6100A1CD8C /* HomeView.swift */,
				1B5590E9294FED120027AA34 /* Persistence.swift */,
				1B5590EE294FED120027AA34 /* ContentView.swift */,
				1B55913329500D7B0027AA34 /* I18N.swift */,
				1B55913529500D950027AA34 /* Localizable+Extensions.swift */,
				1BCB9BCB295950750063B21A /* URL+Extensions.swift */,
				1BCB9BCD295950B20063B21A /* RELEASE.xcconfig */,
				1B5590F0294FED140027AA34 /* Assets.xcassets */,
				1B5590F2294FED140027AA34 /* IssueTracker.entitlements */,
				1B5590EB294FED120027AA34 /* IssueTracker.xcdatamodeld */,
				1B55912E29500C090027AA34 /* Localizable.strings */,
				1B5590F3294FED140027AA34 /* Preview Content */,
			);
			path = IssueTracker;
			sourceTree = "<group>";
		};
		1B5590F3294FED140027AA34 /* Preview Content */ = {
			isa = PBXGroup;
			children = (
				1B5590F4294FED140027AA34 /* Preview Assets.xcassets */,
			);
			path = "Preview Content";
			sourceTree = "<group>";
		};
		1B5590FD294FED140027AA34 /* IssueTrackerTests */ = {
			isa = PBXGroup;
			children = (
				1BCB9BD0295951530063B21A /* HTTPConnection.swift */,
				1BD03B42295D558400533A4D /* UnitTest_LoginRequestModel.swift */,
			);
			path = IssueTrackerTests;
			sourceTree = "<group>";
		};
		1B559107294FED140027AA34 /* IssueTrackerUITests */ = {
			isa = PBXGroup;
			children = (
				1BCB9BD729595B5C0063B21A /* InitialUITest.swift */,
			);
			path = IssueTrackerUITests;
			sourceTree = "<group>";
		};
		1B55911A294FFCC50027AA34 /* Authentication */ = {
			isa = PBXGroup;
			children = (
				1B559121294FFD580027AA34 /* LoginView.swift */,
				1B5E82D6295B4AD90086DBF0 /* LoginViewModel.swift */,
				1BD03B3C295C36F600533A4D /* LoginRequestModel.swift */,
				1BD03B40295D490B00533A4D /* LoginResponse.swift */,
				1B8386632953458700937BBB /* SignInView.swift */,
				1B559120294FFD580027AA34 /* IssueTrackerUITests-Bridging-Header.h */,
				1BCB9BD92959701A0063B21A /* SignInViewModel.swift */,
				1B926814295A605900BF2A2A /* SignInValidationModel.swift */,
			);
			path = Authentication;
			sourceTree = "<group>";
		};
		1B55911B294FFCCD0027AA34 /* MainList */ = {
			isa = PBXGroup;
			children = (
				1BF763792951C4F100A1CD8C /* MainView.swift */,
				1B55911D294FFCDB0027AA34 /* Detail */,
				1B55911C294FFCD60027AA34 /* List */,
			);
			path = MainList;
			sourceTree = "<group>";
		};
		1B55911C294FFCD60027AA34 /* List */ = {
			isa = PBXGroup;
			children = (
			);
			path = List;
			sourceTree = "<group>";
		};
		1B55911D294FFCDB0027AA34 /* Detail */ = {
			isa = PBXGroup;
			children = (
			);
			path = Detail;
			sourceTree = "<group>";
		};
		1B55911E294FFCE40027AA34 /* MyPage */ = {
			isa = PBXGroup;
			children = (
			);
			path = MyPage;
			sourceTree = "<group>";
		};
		1B55911F294FFCEF0027AA34 /* Settings */ = {
			isa = PBXGroup;
			children = (
			);
			path = Settings;
			sourceTree = "<group>";
		};
		1B559124294FFE450027AA34 /* CommonUIStyles */ = {
			isa = PBXGroup;
			children = (
				1B559125294FFE610027AA34 /* CommonTextField.swift */,
				1B55913D295016A60027AA34 /* CommonButton.swift */,
			);
			path = CommonUIStyles;
			sourceTree = "<group>";
		};
		1B559139295015E20027AA34 /* View+Extensions */ = {
			isa = PBXGroup;
			children = (
				1B559137295012360027AA34 /* SystemImages.swift */,
			);
			path = "View+Extensions";
			sourceTree = "<group>";
		};
		1B55913C2950163E0027AA34 /* View+Constants */ = {
			isa = PBXGroup;
			children = (
				1B55913A295015F50027AA34 /* View+Constrants.swift */,
			);
			path = "View+Constants";
			sourceTree = "<group>";
		};
		1B5E82D8295BE19C0086DBF0 /* Foundation+Extensions */ = {
			isa = PBXGroup;
			children = (
				1B5E82D9295BE1B90086DBF0 /* String+Extensions.swift */,
			);
			path = "Foundation+Extensions";
			sourceTree = "<group>";
		};
		1BF7636E2951B15E00A1CD8C /* Shared */ = {
			isa = PBXGroup;
			children = (
				1BF7636F2951B16C00A1CD8C /* UserState.swift */,
				1BF763732951B3D300A1CD8C /* UserStateModel.swift */,
				1BF763712951B17F00A1CD8C /* AppState.swift */,
				1BF763762951B3DF00A1CD8C /* AppStateModel.swift */,
				1BCB9BC5295940BE0063B21A /* HTTPRequestModel.swift */,
				1BCB9BC7295940F70063B21A /* URLRequestBuilder.swift */,
				1B9268112959D18100BF2A2A /* HTTPResponseModel.swift */,
				1BD03B3E295C3A2900533A4D /* ErrorCodes.swift */,
			);
			path = Shared;
			sourceTree = "<group>";
		};
/* End PBXGroup section */

/* Begin PBXNativeTarget section */
		1B5590E3294FED120027AA34 /* IssueTracker */ = {
			isa = PBXNativeTarget;
			buildConfigurationList = 1B55910E294FED140027AA34 /* Build configuration list for PBXNativeTarget "IssueTracker" */;
			buildPhases = (
				1B5590E0294FED120027AA34 /* Sources */,
				1B5590E1294FED120027AA34 /* Frameworks */,
				1B5590E2294FED120027AA34 /* Resources */,
				1B55913129500CC10027AA34 /* Localize */,
			);
			buildRules = (
			);
			dependencies = (
			);
			name = IssueTracker;
			productName = IssueTracker;
			productReference = 1B5590E4294FED120027AA34 /* IssueTracker.app */;
			productType = "com.apple.product-type.application";
		};
		1B5590F9294FED140027AA34 /* IssueTrackerTests */ = {
			isa = PBXNativeTarget;
			buildConfigurationList = 1B559111294FED140027AA34 /* Build configuration list for PBXNativeTarget "IssueTrackerTests" */;
			buildPhases = (
				1B5590F6294FED140027AA34 /* Sources */,
				1B5590F7294FED140027AA34 /* Frameworks */,
				1B5590F8294FED140027AA34 /* Resources */,
				1B55913229500CFF0027AA34 /* Localize */,
			);
			buildRules = (
			);
			dependencies = (
				1B5590FC294FED140027AA34 /* PBXTargetDependency */,
			);
			name = IssueTrackerTests;
			productName = IssueTrackerTests;
			productReference = 1B5590FA294FED140027AA34 /* IssueTrackerTests.xctest */;
			productType = "com.apple.product-type.bundle.unit-test";
		};
		1B559103294FED140027AA34 /* IssueTrackerUITests */ = {
			isa = PBXNativeTarget;
			buildConfigurationList = 1B559114294FED140027AA34 /* Build configuration list for PBXNativeTarget "IssueTrackerUITests" */;
			buildPhases = (
				1B559100294FED140027AA34 /* Sources */,
				1B559101294FED140027AA34 /* Frameworks */,
				1B559102294FED140027AA34 /* Resources */,
			);
			buildRules = (
			);
			dependencies = (
				1B559106294FED140027AA34 /* PBXTargetDependency */,
			);
			name = IssueTrackerUITests;
			productName = IssueTrackerUITests;
			productReference = 1B559104294FED140027AA34 /* IssueTrackerUITests.xctest */;
			productType = "com.apple.product-type.bundle.ui-testing";
		};
/* End PBXNativeTarget section */

/* Begin PBXProject section */
		1B5590DC294FED120027AA34 /* Project object */ = {
			isa = PBXProject;
			attributes = {
				BuildIndependentTargetsInParallel = 1;
				LastSwiftUpdateCheck = 1420;
				LastUpgradeCheck = 1420;
				TargetAttributes = {
					1B5590E3294FED120027AA34 = {
						CreatedOnToolsVersion = 14.2;
					};
					1B5590F9294FED140027AA34 = {
						CreatedOnToolsVersion = 14.2;
						LastSwiftMigration = 1420;
						TestTargetID = 1B5590E3294FED120027AA34;
					};
					1B559103294FED140027AA34 = {
						CreatedOnToolsVersion = 14.2;
						LastSwiftMigration = 1420;
						TestTargetID = 1B5590E3294FED120027AA34;
					};
				};
			};
			buildConfigurationList = 1B5590DF294FED120027AA34 /* Build configuration list for PBXProject "IssueTracker" */;
			compatibilityVersion = "Xcode 14.0";
			developmentRegion = en;
			hasScannedForEncodings = 0;
			knownRegions = (
				en,
				Base,
				ja,
				ko,
			);
			mainGroup = 1B5590DB294FED120027AA34;
			productRefGroup = 1B5590E5294FED120027AA34 /* Products */;
			projectDirPath = "";
			projectRoot = "";
			targets = (
				1B5590E3294FED120027AA34 /* IssueTracker */,
				1B5590F9294FED140027AA34 /* IssueTrackerTests */,
				1B559103294FED140027AA34 /* IssueTrackerUITests */,
			);
		};
/* End PBXProject section */

/* Begin PBXResourcesBuildPhase section */
		1B5590E2294FED120027AA34 /* Resources */ = {
			isa = PBXResourcesBuildPhase;
			buildActionMask = 2147483647;
			files = (
				1B559118294FEE7D0027AA34 /* README.md in Resources */,
				1B55912B29500C090027AA34 /* Localizable.strings in Resources */,
				1B5590F5294FED140027AA34 /* Preview Assets.xcassets in Resources */,
				1BCB9BCE295950B20063B21A /* RELEASE.xcconfig in Resources */,
				1B5590F1294FED140027AA34 /* Assets.xcassets in Resources */,
			);
			runOnlyForDeploymentPostprocessing = 0;
		};
		1B5590F8294FED140027AA34 /* Resources */ = {
			isa = PBXResourcesBuildPhase;
			buildActionMask = 2147483647;
			files = (
				1BCB9BCF295950B20063B21A /* RELEASE.xcconfig in Resources */,
				1B55912C29500C090027AA34 /* Localizable.strings in Resources */,
			);
			runOnlyForDeploymentPostprocessing = 0;
		};
		1B559102294FED140027AA34 /* Resources */ = {
			isa = PBXResourcesBuildPhase;
			buildActionMask = 2147483647;
			files = (
				1BCB9BD3295959650063B21A /* RELEASE.xcconfig in Resources */,
			);
			runOnlyForDeploymentPostprocessing = 0;
		};
/* End PBXResourcesBuildPhase section */

/* Begin PBXShellScriptBuildPhase section */
		1B55913129500CC10027AA34 /* Localize */ = {
			isa = PBXShellScriptBuildPhase;
			buildActionMask = 2147483647;
			files = (
			);
			inputFileListPaths = (
			);
			inputPaths = (
			);
			name = Localize;
			outputFileListPaths = (
			);
			outputPaths = (
			);
			runOnlyForDeploymentPostprocessing = 0;
			shellPath = /bin/sh;
			shellScript = "#!/bin/sh\n\necho \"generating I18N.swift\"\n\ntouch tempI18N.swift\necho \"struct I18N {\" >> tempI18N.swift\ninputfile=\"${SRCROOT}/IssueTracker/en.lproj/Localizable.strings\"\n\nwhile IFS= read -r line\n\ndo\necho $line\npattern='^[a-zA-Z]+(.*)[\\\\s]*=[\\\\s]*(.*)$'\n\ncomment='\\/\\/.+'\n\nif [[ $line =~ $pattern ]]\nthen\n    echo \"Yes👌\"\n    variableName=$(echo ${line%%=*})\n    echo $variableName\n    if [ \"$variableName\" != \"\" ]; then\n        echo \"    static let $variableName = \\\"$variableName\\\".localized\" >> tempI18N.swift\n    fi\nelse\n    if [[ $line =~ $comment ]]\n    then\n        echo \"Comment 📝\"\n        echo \"\\n    $line\" >> tempI18N.swift\n    else\n        echo \"No👎\"\n    fi\nfi\ndone <\"$inputfile\"\n\necho \"}\" >> tempI18N.swift\ncat \"tempI18N.swift\" > ${SRCROOT}/IssueTracker/I18N.swift\nrm \"tempI18N.swift\"\n\necho \"-------------\"\ncat $inputfile\ncat ${SRCROOT}/Manhwakyung-ios/Resources/I18N.swift\necho \"-------------\"\n";
		};
		1B55913229500CFF0027AA34 /* Localize */ = {
			isa = PBXShellScriptBuildPhase;
			buildActionMask = 2147483647;
			files = (
			);
			inputFileListPaths = (
			);
			inputPaths = (
			);
			name = Localize;
			outputFileListPaths = (
			);
			outputPaths = (
			);
			runOnlyForDeploymentPostprocessing = 0;
			shellPath = /bin/sh;
			shellScript = "#!/bin/sh\n\necho \"generating I18N.swift\"\n\ntouch tempI18N.swift\necho \"struct I18N {\" >> tempI18N.swift\ninputfile=\"${SRCROOT}/IssueTracker/en.lproj/Localizable.strings\"\n\nwhile IFS= read -r line\n\ndo\necho $line\npattern='^[a-zA-Z]+(.*)[\\\\s]*=[\\\\s]*(.*)$'\n\ncomment='\\/\\/.+'\n\nif [[ $line =~ $pattern ]]\nthen\n    echo \"Yes👌\"\n    variableName=$(echo ${line%%=*})\n    echo $variableName\n    if [ \"$variableName\" != \"\" ]; then\n        echo \"    static let $variableName = \\\"$variableName\\\".localized\" >> tempI18N.swift\n    fi\nelse\n    if [[ $line =~ $comment ]]\n    then\n        echo \"Comment 📝\"\n        echo \"\\n    $line\" >> tempI18N.swift\n    else\n        echo \"No👎\"\n    fi\nfi\ndone <\"$inputfile\"\n\necho \"}\" >> tempI18N.swift\ncat \"tempI18N.swift\" > ${SRCROOT}/IssueTracker/I18N.swift\nrm \"tempI18N.swift\"\n\necho \"-------------\"\ncat $inputfile\ncat ${SRCROOT}/Manhwakyung-ios/Resources/I18N.swift\necho \"-------------\"\n";
		};
/* End PBXShellScriptBuildPhase section */

/* Begin PBXSourcesBuildPhase section */
		1B5590E0294FED120027AA34 /* Sources */ = {
			isa = PBXSourcesBuildPhase;
			buildActionMask = 2147483647;
			files = (
				1BF763742951B3D300A1CD8C /* UserStateModel.swift in Sources */,
				1BCB9BCC295950750063B21A /* URL+Extensions.swift in Sources */,
				1B559126294FFE610027AA34 /* CommonTextField.swift in Sources */,
				1B9268122959D18100BF2A2A /* HTTPResponseModel.swift in Sources */,
				1B55913429500D7B0027AA34 /* I18N.swift in Sources */,
				1B55913E295016A60027AA34 /* CommonButton.swift in Sources */,
				1B5590ED294FED120027AA34 /* IssueTracker.xcdatamodeld in Sources */,
				1BD03B41295D490B00533A4D /* LoginResponse.swift in Sources */,
				1BF7637D2951CC6100A1CD8C /* HomeView.swift in Sources */,
				1B55913B295015F50027AA34 /* View+Constrants.swift in Sources */,
				1BCB9BDA2959701A0063B21A /* SignInViewModel.swift in Sources */,
				1B559138295012360027AA34 /* SystemImages.swift in Sources */,
				1BD03B3F295C3A2900533A4D /* ErrorCodes.swift in Sources */,
				1BF763702951B16C00A1CD8C /* UserState.swift in Sources */,
				1B5E82D7295B4AD90086DBF0 /* LoginViewModel.swift in Sources */,
				1B8386642953458700937BBB /* SignInView.swift in Sources */,
				1B5E82DA295BE1B90086DBF0 /* String+Extensions.swift in Sources */,
				1BD03B3D295C36F600533A4D /* LoginRequestModel.swift in Sources */,
				1B5590E8294FED120027AA34 /* IssueTrackerApp.swift in Sources */,
				1BCB9BC6295940BE0063B21A /* HTTPRequestModel.swift in Sources */,
				1BF7637A2951C4F100A1CD8C /* MainView.swift in Sources */,
				1B55913629500D950027AA34 /* Localizable+Extensions.swift in Sources */,
				1BCB9BC8295940F70063B21A /* URLRequestBuilder.swift in Sources */,
				1B926815295A605900BF2A2A /* SignInValidationModel.swift in Sources */,
				1B5590EF294FED120027AA34 /* ContentView.swift in Sources */,
				1BF763722951B17F00A1CD8C /* AppState.swift in Sources */,
				1B559122294FFD580027AA34 /* LoginView.swift in Sources */,
				1B5590EA294FED120027AA34 /* Persistence.swift in Sources */,
				1BF763772951B3DF00A1CD8C /* AppStateModel.swift in Sources */,
			);
			runOnlyForDeploymentPostprocessing = 0;
		};
		1B5590F6294FED140027AA34 /* Sources */ = {
			isa = PBXSourcesBuildPhase;
			buildActionMask = 2147483647;
			files = (
				1BCB9BC929594B970063B21A /* HTTPRequestModel.swift in Sources */,
				1B9268132959D18D00BF2A2A /* HTTPResponseModel.swift in Sources */,
				1BD03B44295D624D00533A4D /* LoginViewModel.swift in Sources */,
				1BCB9BD22959528B0063B21A /* URL+Extensions.swift in Sources */,
				1BD03B43295D558400533A4D /* UnitTest_LoginRequestModel.swift in Sources */,
				1BCB9BD6295959AA0063B21A /* UserState.swift in Sources */,
				1BD03B46295D625900533A4D /* LoginResponse.swift in Sources */,
				1BCB9BD52959599B0063B21A /* AppState.swift in Sources */,
				1BCB9BCA29594B970063B21A /* URLRequestBuilder.swift in Sources */,
				1BF763752951B3D300A1CD8C /* UserStateModel.swift in Sources */,
				1BD03B45295D625000533A4D /* LoginRequestModel.swift in Sources */,
				1BF763782951B3DF00A1CD8C /* AppStateModel.swift in Sources */,
				1BCB9BD1295951530063B21A /* HTTPConnection.swift in Sources */,
			);
			runOnlyForDeploymentPostprocessing = 0;
		};
		1B559100294FED140027AA34 /* Sources */ = {
			isa = PBXSourcesBuildPhase;
			buildActionMask = 2147483647;
			files = (
				1BCB9BD829595B5C0063B21A /* InitialUITest.swift in Sources */,
			);
			runOnlyForDeploymentPostprocessing = 0;
		};
/* End PBXSourcesBuildPhase section */

/* Begin PBXTargetDependency section */
		1B5590FC294FED140027AA34 /* PBXTargetDependency */ = {
			isa = PBXTargetDependency;
			target = 1B5590E3294FED120027AA34 /* IssueTracker */;
			targetProxy = 1B5590FB294FED140027AA34 /* PBXContainerItemProxy */;
		};
		1B559106294FED140027AA34 /* PBXTargetDependency */ = {
			isa = PBXTargetDependency;
			target = 1B5590E3294FED120027AA34 /* IssueTracker */;
			targetProxy = 1B559105294FED140027AA34 /* PBXContainerItemProxy */;
		};
/* End PBXTargetDependency section */

/* Begin PBXVariantGroup section */
		1B55912E29500C090027AA34 /* Localizable.strings */ = {
			isa = PBXVariantGroup;
			children = (
				1B55912D29500C090027AA34 /* en */,
				1B55912F29500C0C0027AA34 /* ja */,
				1B55913029500C0D0027AA34 /* ko */,
			);
			name = Localizable.strings;
			sourceTree = "<group>";
		};
/* End PBXVariantGroup section */

/* Begin XCBuildConfiguration section */
		1B55910C294FED140027AA34 /* Debug */ = {
			isa = XCBuildConfiguration;
			buildSettings = {
				ALWAYS_SEARCH_USER_PATHS = NO;
				CLANG_ANALYZER_NONNULL = YES;
				CLANG_ANALYZER_NUMBER_OBJECT_CONVERSION = YES_AGGRESSIVE;
				CLANG_CXX_LANGUAGE_STANDARD = "gnu++20";
				CLANG_ENABLE_MODULES = YES;
				CLANG_ENABLE_OBJC_ARC = YES;
				CLANG_ENABLE_OBJC_WEAK = YES;
				CLANG_WARN_BLOCK_CAPTURE_AUTORELEASING = YES;
				CLANG_WARN_BOOL_CONVERSION = YES;
				CLANG_WARN_COMMA = YES;
				CLANG_WARN_CONSTANT_CONVERSION = YES;
				CLANG_WARN_DEPRECATED_OBJC_IMPLEMENTATIONS = YES;
				CLANG_WARN_DIRECT_OBJC_ISA_USAGE = YES_ERROR;
				CLANG_WARN_DOCUMENTATION_COMMENTS = YES;
				CLANG_WARN_EMPTY_BODY = YES;
				CLANG_WARN_ENUM_CONVERSION = YES;
				CLANG_WARN_INFINITE_RECURSION = YES;
				CLANG_WARN_INT_CONVERSION = YES;
				CLANG_WARN_NON_LITERAL_NULL_CONVERSION = YES;
				CLANG_WARN_OBJC_IMPLICIT_RETAIN_SELF = YES;
				CLANG_WARN_OBJC_LITERAL_CONVERSION = YES;
				CLANG_WARN_OBJC_ROOT_CLASS = YES_ERROR;
				CLANG_WARN_QUOTED_INCLUDE_IN_FRAMEWORK_HEADER = YES;
				CLANG_WARN_RANGE_LOOP_ANALYSIS = YES;
				CLANG_WARN_STRICT_PROTOTYPES = YES;
				CLANG_WARN_SUSPICIOUS_MOVE = YES;
				CLANG_WARN_UNGUARDED_AVAILABILITY = YES_AGGRESSIVE;
				CLANG_WARN_UNREACHABLE_CODE = YES;
				CLANG_WARN__DUPLICATE_METHOD_MATCH = YES;
				COPY_PHASE_STRIP = NO;
				DEBUG_INFORMATION_FORMAT = dwarf;
				ENABLE_STRICT_OBJC_MSGSEND = YES;
				ENABLE_TESTABILITY = YES;
				GCC_C_LANGUAGE_STANDARD = gnu11;
				GCC_DYNAMIC_NO_PIC = NO;
				GCC_NO_COMMON_BLOCKS = YES;
				GCC_OPTIMIZATION_LEVEL = 0;
				GCC_PREPROCESSOR_DEFINITIONS = (
					"DEBUG=1",
					"$(inherited)",
				);
				GCC_WARN_64_TO_32_BIT_CONVERSION = YES;
				GCC_WARN_ABOUT_RETURN_TYPE = YES_ERROR;
				GCC_WARN_UNDECLARED_SELECTOR = YES;
				GCC_WARN_UNINITIALIZED_AUTOS = YES_AGGRESSIVE;
				GCC_WARN_UNUSED_FUNCTION = YES;
				GCC_WARN_UNUSED_VARIABLE = YES;
				MTL_ENABLE_DEBUG_INFO = INCLUDE_SOURCE;
				MTL_FAST_MATH = YES;
				ONLY_ACTIVE_ARCH = YES;
				SWIFT_ACTIVE_COMPILATION_CONDITIONS = DEBUG;
				SWIFT_OPTIMIZATION_LEVEL = "-Onone";
			};
			name = Debug;
		};
		1B55910D294FED140027AA34 /* Release */ = {
			isa = XCBuildConfiguration;
			buildSettings = {
				ALWAYS_SEARCH_USER_PATHS = NO;
				CLANG_ANALYZER_NONNULL = YES;
				CLANG_ANALYZER_NUMBER_OBJECT_CONVERSION = YES_AGGRESSIVE;
				CLANG_CXX_LANGUAGE_STANDARD = "gnu++20";
				CLANG_ENABLE_MODULES = YES;
				CLANG_ENABLE_OBJC_ARC = YES;
				CLANG_ENABLE_OBJC_WEAK = YES;
				CLANG_WARN_BLOCK_CAPTURE_AUTORELEASING = YES;
				CLANG_WARN_BOOL_CONVERSION = YES;
				CLANG_WARN_COMMA = YES;
				CLANG_WARN_CONSTANT_CONVERSION = YES;
				CLANG_WARN_DEPRECATED_OBJC_IMPLEMENTATIONS = YES;
				CLANG_WARN_DIRECT_OBJC_ISA_USAGE = YES_ERROR;
				CLANG_WARN_DOCUMENTATION_COMMENTS = YES;
				CLANG_WARN_EMPTY_BODY = YES;
				CLANG_WARN_ENUM_CONVERSION = YES;
				CLANG_WARN_INFINITE_RECURSION = YES;
				CLANG_WARN_INT_CONVERSION = YES;
				CLANG_WARN_NON_LITERAL_NULL_CONVERSION = YES;
				CLANG_WARN_OBJC_IMPLICIT_RETAIN_SELF = YES;
				CLANG_WARN_OBJC_LITERAL_CONVERSION = YES;
				CLANG_WARN_OBJC_ROOT_CLASS = YES_ERROR;
				CLANG_WARN_QUOTED_INCLUDE_IN_FRAMEWORK_HEADER = YES;
				CLANG_WARN_RANGE_LOOP_ANALYSIS = YES;
				CLANG_WARN_STRICT_PROTOTYPES = YES;
				CLANG_WARN_SUSPICIOUS_MOVE = YES;
				CLANG_WARN_UNGUARDED_AVAILABILITY = YES_AGGRESSIVE;
				CLANG_WARN_UNREACHABLE_CODE = YES;
				CLANG_WARN__DUPLICATE_METHOD_MATCH = YES;
				COPY_PHASE_STRIP = NO;
				DEBUG_INFORMATION_FORMAT = "dwarf-with-dsym";
				ENABLE_NS_ASSERTIONS = NO;
				ENABLE_STRICT_OBJC_MSGSEND = YES;
				GCC_C_LANGUAGE_STANDARD = gnu11;
				GCC_NO_COMMON_BLOCKS = YES;
				GCC_WARN_64_TO_32_BIT_CONVERSION = YES;
				GCC_WARN_ABOUT_RETURN_TYPE = YES_ERROR;
				GCC_WARN_UNDECLARED_SELECTOR = YES;
				GCC_WARN_UNINITIALIZED_AUTOS = YES_AGGRESSIVE;
				GCC_WARN_UNUSED_FUNCTION = YES;
				GCC_WARN_UNUSED_VARIABLE = YES;
				MTL_ENABLE_DEBUG_INFO = NO;
				MTL_FAST_MATH = YES;
				SWIFT_COMPILATION_MODE = wholemodule;
				SWIFT_OPTIMIZATION_LEVEL = "-O";
			};
			name = Release;
		};
		1B55910F294FED140027AA34 /* Debug */ = {
			isa = XCBuildConfiguration;
			baseConfigurationReference = 1BCB9BCD295950B20063B21A /* RELEASE.xcconfig */;
			buildSettings = {
				ASSETCATALOG_COMPILER_APPICON_NAME = AppIcon;
				ASSETCATALOG_COMPILER_GLOBAL_ACCENT_COLOR_NAME = AccentColor;
				CODE_SIGN_ENTITLEMENTS = IssueTracker/IssueTracker.entitlements;
				CODE_SIGN_STYLE = Automatic;
				CURRENT_PROJECT_VERSION = 1;
				DEVELOPMENT_ASSET_PATHS = "\"IssueTracker/Preview Content\"";
				DEVELOPMENT_TEAM = L3ZPWB4HNK;
				ENABLE_HARDENED_RUNTIME = YES;
				ENABLE_PREVIEWS = YES;
				GENERATE_INFOPLIST_FILE = YES;
				INFOPLIST_FILE = IssueTracker/Info.plist;
				INFOPLIST_KEY_LSApplicationCategoryType = "public.app-category.business";
				"INFOPLIST_KEY_UIApplicationSceneManifest_Generation[sdk=iphoneos*]" = YES;
				"INFOPLIST_KEY_UIApplicationSceneManifest_Generation[sdk=iphonesimulator*]" = YES;
				"INFOPLIST_KEY_UIApplicationSupportsIndirectInputEvents[sdk=iphoneos*]" = YES;
				"INFOPLIST_KEY_UIApplicationSupportsIndirectInputEvents[sdk=iphonesimulator*]" = YES;
				"INFOPLIST_KEY_UILaunchScreen_Generation[sdk=iphoneos*]" = YES;
				"INFOPLIST_KEY_UILaunchScreen_Generation[sdk=iphonesimulator*]" = YES;
				"INFOPLIST_KEY_UIStatusBarStyle[sdk=iphoneos*]" = UIStatusBarStyleDefault;
				"INFOPLIST_KEY_UIStatusBarStyle[sdk=iphonesimulator*]" = UIStatusBarStyleDefault;
				INFOPLIST_KEY_UISupportedInterfaceOrientations_iPad = "UIInterfaceOrientationPortrait UIInterfaceOrientationPortraitUpsideDown UIInterfaceOrientationLandscapeLeft UIInterfaceOrientationLandscapeRight";
				INFOPLIST_KEY_UISupportedInterfaceOrientations_iPhone = "UIInterfaceOrientationPortrait UIInterfaceOrientationLandscapeLeft UIInterfaceOrientationLandscapeRight";
				IPHONEOS_DEPLOYMENT_TARGET = 15.0;
				LD_RUNPATH_SEARCH_PATHS = "@executable_path/Frameworks";
				"LD_RUNPATH_SEARCH_PATHS[sdk=macosx*]" = "@executable_path/../Frameworks";
				MACOSX_DEPLOYMENT_TARGET = 11.0;
				MARKETING_VERSION = 1.0;
				PRODUCT_BUNDLE_IDENTIFIER = com.sanghwiback.IssueTracker;
				PRODUCT_NAME = "$(TARGET_NAME)";
				SDKROOT = auto;
				SUPPORTED_PLATFORMS = "iphoneos iphonesimulator macosx";
				SWIFT_EMIT_LOC_STRINGS = YES;
				SWIFT_VERSION = 5.0;
				TARGETED_DEVICE_FAMILY = "1,2";
			};
			name = Debug;
		};
		1B559110294FED140027AA34 /* Release */ = {
			isa = XCBuildConfiguration;
			baseConfigurationReference = 1BCB9BCD295950B20063B21A /* RELEASE.xcconfig */;
			buildSettings = {
				ASSETCATALOG_COMPILER_APPICON_NAME = AppIcon;
				ASSETCATALOG_COMPILER_GLOBAL_ACCENT_COLOR_NAME = AccentColor;
				CODE_SIGN_ENTITLEMENTS = IssueTracker/IssueTracker.entitlements;
				CODE_SIGN_STYLE = Automatic;
				CURRENT_PROJECT_VERSION = 1;
				DEVELOPMENT_ASSET_PATHS = "\"IssueTracker/Preview Content\"";
				DEVELOPMENT_TEAM = L3ZPWB4HNK;
				ENABLE_HARDENED_RUNTIME = YES;
				ENABLE_PREVIEWS = YES;
				GENERATE_INFOPLIST_FILE = YES;
				INFOPLIST_FILE = IssueTracker/Info.plist;
				INFOPLIST_KEY_LSApplicationCategoryType = "public.app-category.business";
				"INFOPLIST_KEY_UIApplicationSceneManifest_Generation[sdk=iphoneos*]" = YES;
				"INFOPLIST_KEY_UIApplicationSceneManifest_Generation[sdk=iphonesimulator*]" = YES;
				"INFOPLIST_KEY_UIApplicationSupportsIndirectInputEvents[sdk=iphoneos*]" = YES;
				"INFOPLIST_KEY_UIApplicationSupportsIndirectInputEvents[sdk=iphonesimulator*]" = YES;
				"INFOPLIST_KEY_UILaunchScreen_Generation[sdk=iphoneos*]" = YES;
				"INFOPLIST_KEY_UILaunchScreen_Generation[sdk=iphonesimulator*]" = YES;
				"INFOPLIST_KEY_UIStatusBarStyle[sdk=iphoneos*]" = UIStatusBarStyleDefault;
				"INFOPLIST_KEY_UIStatusBarStyle[sdk=iphonesimulator*]" = UIStatusBarStyleDefault;
				INFOPLIST_KEY_UISupportedInterfaceOrientations_iPad = "UIInterfaceOrientationPortrait UIInterfaceOrientationPortraitUpsideDown UIInterfaceOrientationLandscapeLeft UIInterfaceOrientationLandscapeRight";
				INFOPLIST_KEY_UISupportedInterfaceOrientations_iPhone = "UIInterfaceOrientationPortrait UIInterfaceOrientationLandscapeLeft UIInterfaceOrientationLandscapeRight";
				IPHONEOS_DEPLOYMENT_TARGET = 15.0;
				LD_RUNPATH_SEARCH_PATHS = "@executable_path/Frameworks";
				"LD_RUNPATH_SEARCH_PATHS[sdk=macosx*]" = "@executable_path/../Frameworks";
				MACOSX_DEPLOYMENT_TARGET = 11.0;
				MARKETING_VERSION = 1.0;
				PRODUCT_BUNDLE_IDENTIFIER = com.sanghwiback.IssueTracker;
				PRODUCT_NAME = "$(TARGET_NAME)";
				SDKROOT = auto;
				SUPPORTED_PLATFORMS = "iphoneos iphonesimulator macosx";
				SWIFT_EMIT_LOC_STRINGS = YES;
				SWIFT_VERSION = 5.0;
				TARGETED_DEVICE_FAMILY = "1,2";
			};
			name = Release;
		};
		1B559112294FED140027AA34 /* Debug */ = {
			isa = XCBuildConfiguration;
			baseConfigurationReference = 1BCB9BCD295950B20063B21A /* RELEASE.xcconfig */;
			buildSettings = {
				ALWAYS_EMBED_SWIFT_STANDARD_LIBRARIES = YES;
				BUNDLE_LOADER = "$(TEST_HOST)";
				CLANG_ENABLE_MODULES = YES;
				CODE_SIGN_STYLE = Automatic;
				CURRENT_PROJECT_VERSION = 1;
				DEVELOPMENT_TEAM = L3ZPWB4HNK;
				GENERATE_INFOPLIST_FILE = YES;
				IPHONEOS_DEPLOYMENT_TARGET = 15.0;
				LD_RUNPATH_SEARCH_PATHS = (
					"$(inherited)",
					"@executable_path/Frameworks",
					"@loader_path/Frameworks",
				);
				MACOSX_DEPLOYMENT_TARGET = 11.0;
				MARKETING_VERSION = 1.0;
				PRODUCT_BUNDLE_IDENTIFIER = com.sanghwiback.IssueTrackerTests;
				PRODUCT_NAME = "$(TARGET_NAME)";
				SDKROOT = auto;
				SUPPORTED_PLATFORMS = "iphoneos iphonesimulator macosx";
				SWIFT_EMIT_LOC_STRINGS = NO;
				SWIFT_OPTIMIZATION_LEVEL = "-Onone";
				SWIFT_VERSION = 5.0;
				TARGETED_DEVICE_FAMILY = "1,2";
				TEST_HOST = "$(BUILT_PRODUCTS_DIR)/IssueTracker.app/$(BUNDLE_EXECUTABLE_FOLDER_PATH)/IssueTracker";
			};
			name = Debug;
		};
		1B559113294FED140027AA34 /* Release */ = {
			isa = XCBuildConfiguration;
			baseConfigurationReference = 1BCB9BCD295950B20063B21A /* RELEASE.xcconfig */;
			buildSettings = {
				ALWAYS_EMBED_SWIFT_STANDARD_LIBRARIES = YES;
				BUNDLE_LOADER = "$(TEST_HOST)";
				CLANG_ENABLE_MODULES = YES;
				CODE_SIGN_STYLE = Automatic;
				CURRENT_PROJECT_VERSION = 1;
				DEVELOPMENT_TEAM = L3ZPWB4HNK;
				GENERATE_INFOPLIST_FILE = YES;
				IPHONEOS_DEPLOYMENT_TARGET = 15.0;
				LD_RUNPATH_SEARCH_PATHS = (
					"$(inherited)",
					"@executable_path/Frameworks",
					"@loader_path/Frameworks",
				);
				MACOSX_DEPLOYMENT_TARGET = 11.0;
				MARKETING_VERSION = 1.0;
				PRODUCT_BUNDLE_IDENTIFIER = com.sanghwiback.IssueTrackerTests;
				PRODUCT_NAME = "$(TARGET_NAME)";
				SDKROOT = auto;
				SUPPORTED_PLATFORMS = "iphoneos iphonesimulator macosx";
				SWIFT_EMIT_LOC_STRINGS = NO;
				SWIFT_VERSION = 5.0;
				TARGETED_DEVICE_FAMILY = "1,2";
				TEST_HOST = "$(BUILT_PRODUCTS_DIR)/IssueTracker.app/$(BUNDLE_EXECUTABLE_FOLDER_PATH)/IssueTracker";
			};
			name = Release;
		};
		1B559115294FED140027AA34 /* Debug */ = {
			isa = XCBuildConfiguration;
			buildSettings = {
				ALWAYS_EMBED_SWIFT_STANDARD_LIBRARIES = YES;
				CLANG_ENABLE_MODULES = YES;
				CODE_SIGN_STYLE = Automatic;
				CURRENT_PROJECT_VERSION = 1;
				DEVELOPMENT_TEAM = L3ZPWB4HNK;
				GENERATE_INFOPLIST_FILE = YES;
				IPHONEOS_DEPLOYMENT_TARGET = 15.0;
				LD_RUNPATH_SEARCH_PATHS = (
					"$(inherited)",
					"@executable_path/Frameworks",
					"@loader_path/Frameworks",
				);
				MACOSX_DEPLOYMENT_TARGET = 11.0;
				MARKETING_VERSION = 1.0;
				PRODUCT_BUNDLE_IDENTIFIER = com.sanghwiback.IssueTrackerUITests;
				PRODUCT_NAME = "$(TARGET_NAME)";
				SDKROOT = auto;
				SUPPORTED_PLATFORMS = "iphoneos iphonesimulator macosx";
				SWIFT_EMIT_LOC_STRINGS = NO;
				SWIFT_OBJC_BRIDGING_HEADER = "IssueTracker/Authentication/IssueTrackerUITests-Bridging-Header.h";
				SWIFT_OPTIMIZATION_LEVEL = "-Onone";
				SWIFT_VERSION = 5.0;
				TARGETED_DEVICE_FAMILY = "1,2";
				TEST_TARGET_NAME = IssueTracker;
			};
			name = Debug;
		};
		1B559116294FED140027AA34 /* Release */ = {
			isa = XCBuildConfiguration;
			buildSettings = {
				ALWAYS_EMBED_SWIFT_STANDARD_LIBRARIES = YES;
				CLANG_ENABLE_MODULES = YES;
				CODE_SIGN_STYLE = Automatic;
				CURRENT_PROJECT_VERSION = 1;
				DEVELOPMENT_TEAM = L3ZPWB4HNK;
				GENERATE_INFOPLIST_FILE = YES;
				IPHONEOS_DEPLOYMENT_TARGET = 15.0;
				LD_RUNPATH_SEARCH_PATHS = (
					"$(inherited)",
					"@executable_path/Frameworks",
					"@loader_path/Frameworks",
				);
				MACOSX_DEPLOYMENT_TARGET = 11.0;
				MARKETING_VERSION = 1.0;
				PRODUCT_BUNDLE_IDENTIFIER = com.sanghwiback.IssueTrackerUITests;
				PRODUCT_NAME = "$(TARGET_NAME)";
				SDKROOT = auto;
				SUPPORTED_PLATFORMS = "iphoneos iphonesimulator macosx";
				SWIFT_EMIT_LOC_STRINGS = NO;
				SWIFT_OBJC_BRIDGING_HEADER = "IssueTracker/Authentication/IssueTrackerUITests-Bridging-Header.h";
				SWIFT_VERSION = 5.0;
				TARGETED_DEVICE_FAMILY = "1,2";
				TEST_TARGET_NAME = IssueTracker;
			};
			name = Release;
		};
/* End XCBuildConfiguration section */

/* Begin XCConfigurationList section */
		1B5590DF294FED120027AA34 /* Build configuration list for PBXProject "IssueTracker" */ = {
			isa = XCConfigurationList;
			buildConfigurations = (
				1B55910C294FED140027AA34 /* Debug */,
				1B55910D294FED140027AA34 /* Release */,
			);
			defaultConfigurationIsVisible = 0;
			defaultConfigurationName = Release;
		};
		1B55910E294FED140027AA34 /* Build configuration list for PBXNativeTarget "IssueTracker" */ = {
			isa = XCConfigurationList;
			buildConfigurations = (
				1B55910F294FED140027AA34 /* Debug */,
				1B559110294FED140027AA34 /* Release */,
			);
			defaultConfigurationIsVisible = 0;
			defaultConfigurationName = Release;
		};
		1B559111294FED140027AA34 /* Build configuration list for PBXNativeTarget "IssueTrackerTests" */ = {
			isa = XCConfigurationList;
			buildConfigurations = (
				1B559112294FED140027AA34 /* Debug */,
				1B559113294FED140027AA34 /* Release */,
			);
			defaultConfigurationIsVisible = 0;
			defaultConfigurationName = Release;
		};
		1B559114294FED140027AA34 /* Build configuration list for PBXNativeTarget "IssueTrackerUITests" */ = {
			isa = XCConfigurationList;
			buildConfigurations = (
				1B559115294FED140027AA34 /* Debug */,
				1B559116294FED140027AA34 /* Release */,
			);
			defaultConfigurationIsVisible = 0;
			defaultConfigurationName = Release;
		};
/* End XCConfigurationList section */

/* Begin XCVersionGroup section */
		1B5590EB294FED120027AA34 /* IssueTracker.xcdatamodeld */ = {
			isa = XCVersionGroup;
			children = (
				1B5590EC294FED120027AA34 /* IssueTracker.xcdatamodel */,
			);
			currentVersion = 1B5590EC294FED120027AA34 /* IssueTracker.xcdatamodel */;
			path = IssueTracker.xcdatamodeld;
			sourceTree = "<group>";
			versionGroupType = wrapper.xcdatamodel;
		};
/* End XCVersionGroup section */
	};
	rootObject = 1B5590DC294FED120027AA34 /* Project object */;
}
